PODS:
  - Alamofire (4.9.1)
  - AlamofireObjectMapper (5.2.0):
    - Alamofire (~> 4.7)
    - ObjectMapper (~> 3.4)
  - arek/Camera (4.0.2):
    - arek/Core
    - PMAlertController (= 3.5.0)
  - arek/Core (4.0.2):
    - PMAlertController (= 3.5.0)
  - arek/Location (4.0.2):
    - arek/Core
    - PMAlertController (= 3.5.0)
  - arek/Photos (4.0.2):
    - arek/Core
    - PMAlertController (= 3.5.0)
  - CDYelpFusionKit (1.5.1):
    - AlamofireObjectMapper (= 5.2.0)
  - Cosmos (20.0.1)
  - DCKit (1.0.13)
  - Firebase/Analytics (6.19.0):
    - Firebase/Core
  - Firebase/Auth (6.19.0):
    - Firebase/CoreOnly
    - FirebaseAuth (~> 6.4.3)
  - Firebase/Core (6.19.0):
    - Firebase/CoreOnly
    - FirebaseAnalytics (= 6.3.1)
  - Firebase/CoreOnly (6.19.0):
    - FirebaseCore (= 6.6.4)
  - Firebase/Database (6.19.0):
    - Firebase/CoreOnly
    - FirebaseDatabase (~> 6.1.4)
  - Firebase/Storage (6.19.0):
    - Firebase/CoreOnly
    - FirebaseStorage (~> 3.6.0)
  - FirebaseAnalytics (6.3.1):
    - FirebaseCore (~> 6.6)
    - FirebaseInstallations (~> 1.1)
    - GoogleAppMeasurement (= 6.3.1)
    - GoogleUtilities/AppDelegateSwizzler (~> 6.0)
    - GoogleUtilities/MethodSwizzler (~> 6.0)
    - GoogleUtilities/Network (~> 6.0)
    - "GoogleUtilities/NSData+zlib (~> 6.0)"
    - nanopb (= 0.3.9011)
  - FirebaseAuth (6.4.3):
    - FirebaseAuthInterop (~> 1.0)
    - FirebaseCore (~> 6.6)
    - GoogleUtilities/AppDelegateSwizzler (~> 6.5)
    - GoogleUtilities/Environment (~> 6.5)
    - GTMSessionFetcher/Core (~> 1.1)
  - FirebaseAuthInterop (1.1.0)
  - FirebaseCore (6.6.4):
    - FirebaseCoreDiagnostics (~> 1.2)
    - FirebaseCoreDiagnosticsInterop (~> 1.2)
    - GoogleUtilities/Environment (~> 6.5)
    - GoogleUtilities/Logger (~> 6.5)
  - FirebaseCoreDiagnostics (1.2.2):
    - FirebaseCoreDiagnosticsInterop (~> 1.2)
    - GoogleDataTransportCCTSupport (~> 2.0)
    - GoogleUtilities/Environment (~> 6.5)
    - GoogleUtilities/Logger (~> 6.5)
    - nanopb (~> 0.3.901)
  - FirebaseCoreDiagnosticsInterop (1.2.0)
  - FirebaseDatabase (6.1.4):
    - FirebaseAuthInterop (~> 1.0)
    - FirebaseCore (~> 6.0)
    - leveldb-library (~> 1.22)
  - FirebaseInstallations (1.1.0):
    - FirebaseCore (~> 6.6)
    - GoogleUtilities/UserDefaults (~> 6.5)
    - PromisesObjC (~> 1.2)
  - FirebaseStorage (3.6.0):
    - FirebaseAuthInterop (~> 1.1)
    - FirebaseCore (~> 6.6)
    - GTMSessionFetcher/Core (~> 1.1)
  - FTPopOverMenu_Swift (0.2.1)
  - GoogleAppMeasurement (6.3.1):
    - GoogleUtilities/AppDelegateSwizzler (~> 6.0)
    - GoogleUtilities/MethodSwizzler (~> 6.0)
    - GoogleUtilities/Network (~> 6.0)
    - "GoogleUtilities/NSData+zlib (~> 6.0)"
    - nanopb (= 0.3.9011)
  - GoogleDataTransport (5.0.0)
  - GoogleDataTransportCCTSupport (2.0.0):
    - GoogleDataTransport (~> 5.0)
    - nanopb (~> 0.3.901)
  - GoogleMaps/Base (3.8.0)
  - GooglePlaces (3.8.0):
    - GoogleMaps/Base (= 3.8.0)
  - GoogleUtilities/AppDelegateSwizzler (6.5.1):
    - GoogleUtilities/Environment
    - GoogleUtilities/Logger
    - GoogleUtilities/Network
  - GoogleUtilities/Environment (6.5.1)
  - GoogleUtilities/Logger (6.5.1):
    - GoogleUtilities/Environment
  - GoogleUtilities/MethodSwizzler (6.5.1):
    - GoogleUtilities/Logger
  - GoogleUtilities/Network (6.5.1):
    - GoogleUtilities/Logger
    - "GoogleUtilities/NSData+zlib"
    - GoogleUtilities/Reachability
  - "GoogleUtilities/NSData+zlib (6.5.1)"
  - GoogleUtilities/Reachability (6.5.1):
    - GoogleUtilities/Logger
  - GoogleUtilities/UserDefaults (6.5.1):
    - GoogleUtilities/Logger
  - GTMSessionFetcher/Core (1.3.1)
  - ImageSlideshow (1.8.3):
    - ImageSlideshow/Core (= 1.8.3)
  - ImageSlideshow/Core (1.8.3)
  - ImageSlideshow/SDWebImage (1.8.3):
    - ImageSlideshow/Core
    - SDWebImage (>= 3.7)
  - InputBarAccessoryView (4.3.2):
    - InputBarAccessoryView/Core (= 4.3.2)
  - InputBarAccessoryView/Core (4.3.2)
  - IQKeyboardManagerSwift (6.5.5)
  - KMPlaceholderTextView (1.4.0)
  - leveldb-library (1.22)
  - MagazineLayout (1.5.5)
  - nanopb (0.3.9011):
    - nanopb/decode (= 0.3.9011)
    - nanopb/encode (= 0.3.9011)
  - nanopb/decode (0.3.9011)
  - nanopb/encode (0.3.9011)
  - ObjectMapper (3.5.1)
  - PMAlertController (3.5.0)
  - PromisesObjC (1.2.8)
  - PullToRefreshKit (0.8.8)
  - SDWebImage (5.7.0):
    - SDWebImage/Core (= 5.7.0)
  - SDWebImage/Core (5.7.0)
  - SnapKit (5.0.1)
  - SVProgressHUD (2.2.5)
  - SwifterSwift (5.1.0):
    - SwifterSwift/AppKit (= 5.1.0)
    - SwifterSwift/CoreGraphics (= 5.1.0)
    - SwifterSwift/CoreLocation (= 5.1.0)
    - SwifterSwift/Dispatch (= 5.1.0)
    - SwifterSwift/Foundation (= 5.1.0)
    - SwifterSwift/MapKit (= 5.1.0)
    - SwifterSwift/SceneKit (= 5.1.0)
    - SwifterSwift/SpriteKit (= 5.1.0)
    - SwifterSwift/SwiftStdlib (= 5.1.0)
    - SwifterSwift/UIKit (= 5.1.0)
  - SwifterSwift/AppKit (5.1.0)
  - SwifterSwift/CoreGraphics (5.1.0)
  - SwifterSwift/CoreLocation (5.1.0)
  - SwifterSwift/Dispatch (5.1.0)
  - SwifterSwift/Foundation (5.1.0)
  - SwifterSwift/MapKit (5.1.0)
  - SwifterSwift/SceneKit (5.1.0)
  - SwifterSwift/SpriteKit (5.1.0)
  - SwifterSwift/SwiftStdlib (5.1.0)
  - SwifterSwift/UIKit (5.1.0)
  - SwiftLocation (4.2.0)

DEPENDENCIES:
  - arek/Camera
  - arek/Location
  - arek/Photos
  - CDYelpFusionKit
  - Cosmos
  - DCKit
  - Firebase/Analytics
  - Firebase/Auth
  - Firebase/Database
  - Firebase/Storage
  - FTPopOverMenu_Swift
  - GooglePlaces
  - ImageSlideshow
  - ImageSlideshow/SDWebImage
  - InputBarAccessoryView
  - IQKeyboardManagerSwift
  - KMPlaceholderTextView
  - MagazineLayout
  - PullToRefreshKit
  - SnapKit
  - SVProgressHUD
  - SwifterSwift
  - SwiftLocation

SPEC REPOS:
  trunk:
    - Alamofire
    - AlamofireObjectMapper
    - arek
    - CDYelpFusionKit
    - Cosmos
    - DCKit
    - Firebase
    - FirebaseAnalytics
    - FirebaseAuth
    - FirebaseAuthInterop
    - FirebaseCore
    - FirebaseCoreDiagnostics
    - FirebaseCoreDiagnosticsInterop
    - FirebaseDatabase
    - FirebaseInstallations
    - FirebaseStorage
    - FTPopOverMenu_Swift
    - GoogleAppMeasurement
    - GoogleDataTransport
    - GoogleDataTransportCCTSupport
    - GoogleMaps
    - GooglePlaces
    - GoogleUtilities
    - GTMSessionFetcher
    - ImageSlideshow
    - InputBarAccessoryView
    - IQKeyboardManagerSwift
    - KMPlaceholderTextView
    - leveldb-library
    - MagazineLayout
    - nanopb
    - ObjectMapper
    - PMAlertController
    - PromisesObjC
    - PullToRefreshKit
    - SDWebImage
    - SnapKit
    - SVProgressHUD
    - SwifterSwift
    - SwiftLocation

SPEC CHECKSUMS:
  Alamofire: 85e8a02c69d6020a0d734f6054870d7ecb75cf18
  AlamofireObjectMapper: 92b6ce2423a9d159e686f6a1d514a009bf903ddc
  arek: 59e81a83c8a6c4e70c3598f66d3f1092824d3170
  CDYelpFusionKit: 94a7802fa23ef0eb78514c8a6f246f55b6bc91f0
  Cosmos: b47fddf2102bb48580cd3025d9ce0a5c658a65da
  DCKit: ca310752c3a4d442e772de66ce4e4168ea906d62
  Firebase: d55ddb0e0bb3207166cddc028647833d8a1b5b6f
  FirebaseAnalytics: 572e467f3d977825266e8ccd52674aa3e6f47eac
  FirebaseAuth: 5ce2b03a3d7fe56b7a6e4c5ec7ff1522890b1d6f
  FirebaseAuthInterop: a0f37ae05833af156e72028f648d313f7e7592e9
  FirebaseCore: ed0a24c758a57c2b88c5efa8e6a8195e868af589
  FirebaseCoreDiagnostics: e9b4cd8ba60dee0f2d13347332e4b7898cca5b61
  FirebaseCoreDiagnosticsInterop: 296e2c5f5314500a850ad0b83e9e7c10b011a850
  FirebaseDatabase: 0144e0706a4761f1b0e8679572eba8095ddb59be
  FirebaseInstallations: 575cd32f2aec0feeb0e44f5d0110a09e5e60b47b
  FirebaseStorage: b43ee271294227e1a3225544b073f3b49b427f46
  FTPopOverMenu_Swift: c91ce7301c358264743de028bc28177ee9d8e1a4
  GoogleAppMeasurement: c29d405ff76e18551b5d158eaba6753fda8c7542
  GoogleDataTransport: a857c6a002d201b524dd4bc2ed7e7355ed07e785
  GoogleDataTransportCCTSupport: 32f75fbe904c82772fcbb6b6bd4525bfb6f2a862
  GoogleMaps: 7c8d66d70e4e8c300f43a7219d8fdaad7b325a9a
  GooglePlaces: d5f70c3e9e427964fdeca1301a665d276ccd8754
  GoogleUtilities: 06eb53bb579efe7099152735900dd04bf09e7275
  GTMSessionFetcher: cea130bbfe5a7edc8d06d3f0d17288c32ffe9925
  ImageSlideshow: 4694d7d699a1549582e7cc631fb392d8f91630f3
  InputBarAccessoryView: 7985d418040a05fe894bd4b8328dd43ab35517c3
  IQKeyboardManagerSwift: 0fb93310284665245591f50f7a5e38de615960b7
  KMPlaceholderTextView: 2206c3df39979e9396e2d96fa9f427a8951121b0
  leveldb-library: 55d93ee664b4007aac644a782d11da33fba316f7
  MagazineLayout: 343e50e92513a892e92fb07ace34826552704e48
  nanopb: 18003b5e52dab79db540fe93fe9579f399bd1ccd
  ObjectMapper: 70187b8941977c62ccfb423caf6b50be405cabf0
  PMAlertController: 06dab8160066fc4ce991c880e3722cd403e2926a
  PromisesObjC: c119f3cd559f50b7ae681fa59dc1acd19173b7e6
  PullToRefreshKit: 7cc53e720e69f135cffa1a57784dfb534f0222ab
  SDWebImage: a99471f452bdfa0ca52ddf5b1adf2b61cab1d1eb
  SnapKit: 97b92857e3df3a0c71833cce143274bf6ef8e5eb
  SVProgressHUD: 1428aafac632c1f86f62aa4243ec12008d7a51d6
  SwifterSwift: a9e8e144832638c2850b43da5feaf9598c6ad65b
  SwiftLocation: 609ac8859f2c5d48a6cadd2a58c63b1dae02dc25

PODFILE CHECKSUM: e6e960fcd0f9ad4e0e92fc253e139ac5aca51511

COCOAPODS: 1.9.1
